
Microsoft Visual Studio Solution File, Format Version 12.00
# Visual Studio Version 17
VisualStudioVersion = 17.0.31903.59
MinimumVisualStudioVersion = 10.0.40219.1
Project("{2150E333-8FDC-42A3-9474-1A3956D46DE8}") = "src", "src", "{827E0CD3-B72D-47B6-A68D-7590B98EB39B}"
EndProject
Project("{2150E333-8FDC-42A3-9474-1A3956D46DE8}") = "Modules", "Modules", "{EC447DCF-ABFA-6E24-52A5-D7FD48A5C558}"
EndProject
Project("{2150E333-8FDC-42A3-9474-1A3956D46DE8}") = "Finance", "Finance", "{6FEA55CD-9038-3367-F52F-2FD77CF71706}"
EndProject
Project("{9A19103F-16F7-4668-BE54-9A1E7A4F7556}") = "WealthManager.Modules.Finance.Domain", "src\Modules\Finance\WealthManager.Modules.Finance.Domain\WealthManager.Modules.Finance.Domain.csproj", "{D97369BD-EAEF-4362-8F38-410FF8805B44}"
EndProject
Project("{9A19103F-16F7-4668-BE54-9A1E7A4F7556}") = "WealthManager.Modules.Finance.Application", "src\Modules\Finance\WealthManager.Modules.Finance.Application\WealthManager.Modules.Finance.Application.csproj", "{02D00A1C-9913-4263-88DB-23E04AE57344}"
EndProject
Project("{9A19103F-16F7-4668-BE54-9A1E7A4F7556}") = "WealthManager.Modules.Finance.Infrastructure", "src\Modules\Finance\WealthManager.Modules.Finance.Infrastructure\WealthManager.Modules.Finance.Infrastructure.csproj", "{86F21B99-1226-461B-9056-210A10F84AC1}"
EndProject
Project("{9A19103F-16F7-4668-BE54-9A1E7A4F7556}") = "WealthManager.Modules.Finance.API", "src\Modules\Finance\WealthManager.Modules.Finance.API\WealthManager.Modules.Finance.API.csproj", "{D30A96D4-2B0E-4836-990B-97A873A008A5}"
EndProject
Project("{9A19103F-16F7-4668-BE54-9A1E7A4F7556}") = "WealthManager.API", "src\WealthManager.API\WealthManager.API.csproj", "{C4A4826A-25A6-49E6-8830-F9515B24676F}"
EndProject
Project("{2150E333-8FDC-42A3-9474-1A3956D46DE8}") = "Identity", "Identity", "{0EC62A1A-9858-3A60-8A0C-FC9AACFA2EC7}"
EndProject
Project("{9A19103F-16F7-4668-BE54-9A1E7A4F7556}") = "WealthManager.Modules.Identity.Domain", "src\Modules\Identity\WealthManager.Modules.Identity.Domain\WealthManager.Modules.Identity.Domain.csproj", "{E9658CED-8EF7-40EA-A0FA-CE2625683EC1}"
EndProject
Project("{9A19103F-16F7-4668-BE54-9A1E7A4F7556}") = "WealthManager.Modules.Identity.Application", "src\Modules\Identity\WealthManager.Modules.Identity.Application\WealthManager.Modules.Identity.Application.csproj", "{09168ABE-3CE6-45CA-A194-D95D633CE832}"
EndProject
Project("{9A19103F-16F7-4668-BE54-9A1E7A4F7556}") = "WealthManager.Modules.Identity.Infrastructure", "src\Modules\Identity\WealthManager.Modules.Identity.Infrastructure\WealthManager.Modules.Identity.Infrastructure.csproj", "{A21DFE5A-8328-4037-981A-3A4E89CC6B96}"
EndProject
Project("{9A19103F-16F7-4668-BE54-9A1E7A4F7556}") = "WealthManager.Modules.Identity.API", "src\Modules\Identity\WealthManager.Modules.Identity.API\WealthManager.Modules.Identity.API.csproj", "{3152A9A4-EC02-45B1-AC83-4C96CB67A41C}"
EndProject
Project("{9A19103F-16F7-4668-BE54-9A1E7A4F7556}") = "WealthManager.Shared", "src\WealthManager.Shared\WealthManager.Shared.csproj", "{758F7B64-46BD-4E16-BA89-AB500C5D9B28}"
EndProject
Global
	GlobalSection(SolutionConfigurationPlatforms) = preSolution
		Debug|Any CPU = Debug|Any CPU
		Debug|x64 = Debug|x64
		Debug|x86 = Debug|x86
		Release|Any CPU = Release|Any CPU
		Release|x64 = Release|x64
		Release|x86 = Release|x86
	EndGlobalSection
	GlobalSection(ProjectConfigurationPlatforms) = postSolution
		{D97369BD-EAEF-4362-8F38-410FF8805B44}.Debug|Any CPU.ActiveCfg = Debug|Any CPU
		{D97369BD-EAEF-4362-8F38-410FF8805B44}.Debug|Any CPU.Build.0 = Debug|Any CPU
		{D97369BD-EAEF-4362-8F38-410FF8805B44}.Debug|x64.ActiveCfg = Debug|Any CPU
		{D97369BD-EAEF-4362-8F38-410FF8805B44}.Debug|x64.Build.0 = Debug|Any CPU
		{D97369BD-EAEF-4362-8F38-410FF8805B44}.Debug|x86.ActiveCfg = Debug|Any CPU
		{D97369BD-EAEF-4362-8F38-410FF8805B44}.Debug|x86.Build.0 = Debug|Any CPU
		{D97369BD-EAEF-4362-8F38-410FF8805B44}.Release|Any CPU.ActiveCfg = Release|Any CPU
		{D97369BD-EAEF-4362-8F38-410FF8805B44}.Release|Any CPU.Build.0 = Release|Any CPU
		{D97369BD-EAEF-4362-8F38-410FF8805B44}.Release|x64.ActiveCfg = Release|Any CPU
		{D97369BD-EAEF-4362-8F38-410FF8805B44}.Release|x64.Build.0 = Release|Any CPU
		{D97369BD-EAEF-4362-8F38-410FF8805B44}.Release|x86.ActiveCfg = Release|Any CPU
		{D97369BD-EAEF-4362-8F38-410FF8805B44}.Release|x86.Build.0 = Release|Any CPU
		{02D00A1C-9913-4263-88DB-23E04AE57344}.Debug|Any CPU.ActiveCfg = Debug|Any CPU
		{02D00A1C-9913-4263-88DB-23E04AE57344}.Debug|Any CPU.Build.0 = Debug|Any CPU
		{02D00A1C-9913-4263-88DB-23E04AE57344}.Debug|x64.ActiveCfg = Debug|Any CPU
		{02D00A1C-9913-4263-88DB-23E04AE57344}.Debug|x64.Build.0 = Debug|Any CPU
		{02D00A1C-9913-4263-88DB-23E04AE57344}.Debug|x86.ActiveCfg = Debug|Any CPU
		{02D00A1C-9913-4263-88DB-23E04AE57344}.Debug|x86.Build.0 = Debug|Any CPU
		{02D00A1C-9913-4263-88DB-23E04AE57344}.Release|Any CPU.ActiveCfg = Release|Any CPU
		{02D00A1C-9913-4263-88DB-23E04AE57344}.Release|Any CPU.Build.0 = Release|Any CPU
		{02D00A1C-9913-4263-88DB-23E04AE57344}.Release|x64.ActiveCfg = Release|Any CPU
		{02D00A1C-9913-4263-88DB-23E04AE57344}.Release|x64.Build.0 = Release|Any CPU
		{02D00A1C-9913-4263-88DB-23E04AE57344}.Release|x86.ActiveCfg = Release|Any CPU
		{02D00A1C-9913-4263-88DB-23E04AE57344}.Release|x86.Build.0 = Release|Any CPU
		{86F21B99-1226-461B-9056-210A10F84AC1}.Debug|Any CPU.ActiveCfg = Debug|Any CPU
		{86F21B99-1226-461B-9056-210A10F84AC1}.Debug|Any CPU.Build.0 = Debug|Any CPU
		{86F21B99-1226-461B-9056-210A10F84AC1}.Debug|x64.ActiveCfg = Debug|Any CPU
		{86F21B99-1226-461B-9056-210A10F84AC1}.Debug|x64.Build.0 = Debug|Any CPU
		{86F21B99-1226-461B-9056-210A10F84AC1}.Debug|x86.ActiveCfg = Debug|Any CPU
		{86F21B99-1226-461B-9056-210A10F84AC1}.Debug|x86.Build.0 = Debug|Any CPU
		{86F21B99-1226-461B-9056-210A10F84AC1}.Release|Any CPU.ActiveCfg = Release|Any CPU
		{86F21B99-1226-461B-9056-210A10F84AC1}.Release|Any CPU.Build.0 = Release|Any CPU
		{86F21B99-1226-461B-9056-210A10F84AC1}.Release|x64.ActiveCfg = Release|Any CPU
		{86F21B99-1226-461B-9056-210A10F84AC1}.Release|x64.Build.0 = Release|Any CPU
		{86F21B99-1226-461B-9056-210A10F84AC1}.Release|x86.ActiveCfg = Release|Any CPU
		{86F21B99-1226-461B-9056-210A10F84AC1}.Release|x86.Build.0 = Release|Any CPU
		{D30A96D4-2B0E-4836-990B-97A873A008A5}.Debug|Any CPU.ActiveCfg = Debug|Any CPU
		{D30A96D4-2B0E-4836-990B-97A873A008A5}.Debug|Any CPU.Build.0 = Debug|Any CPU
		{D30A96D4-2B0E-4836-990B-97A873A008A5}.Debug|x64.ActiveCfg = Debug|Any CPU
		{D30A96D4-2B0E-4836-990B-97A873A008A5}.Debug|x64.Build.0 = Debug|Any CPU
		{D30A96D4-2B0E-4836-990B-97A873A008A5}.Debug|x86.ActiveCfg = Debug|Any CPU
		{D30A96D4-2B0E-4836-990B-97A873A008A5}.Debug|x86.Build.0 = Debug|Any CPU
		{D30A96D4-2B0E-4836-990B-97A873A008A5}.Release|Any CPU.ActiveCfg = Release|Any CPU
		{D30A96D4-2B0E-4836-990B-97A873A008A5}.Release|Any CPU.Build.0 = Release|Any CPU
		{D30A96D4-2B0E-4836-990B-97A873A008A5}.Release|x64.ActiveCfg = Release|Any CPU
		{D30A96D4-2B0E-4836-990B-97A873A008A5}.Release|x64.Build.0 = Release|Any CPU
		{D30A96D4-2B0E-4836-990B-97A873A008A5}.Release|x86.ActiveCfg = Release|Any CPU
		{D30A96D4-2B0E-4836-990B-97A873A008A5}.Release|x86.Build.0 = Release|Any CPU
		{C4A4826A-25A6-49E6-8830-F9515B24676F}.Debug|Any CPU.ActiveCfg = Debug|Any CPU
		{C4A4826A-25A6-49E6-8830-F9515B24676F}.Debug|Any CPU.Build.0 = Debug|Any CPU
		{C4A4826A-25A6-49E6-8830-F9515B24676F}.Debug|x64.ActiveCfg = Debug|Any CPU
		{C4A4826A-25A6-49E6-8830-F9515B24676F}.Debug|x64.Build.0 = Debug|Any CPU
		{C4A4826A-25A6-49E6-8830-F9515B24676F}.Debug|x86.ActiveCfg = Debug|Any CPU
		{C4A4826A-25A6-49E6-8830-F9515B24676F}.Debug|x86.Build.0 = Debug|Any CPU
		{C4A4826A-25A6-49E6-8830-F9515B24676F}.Release|Any CPU.ActiveCfg = Release|Any CPU
		{C4A4826A-25A6-49E6-8830-F9515B24676F}.Release|Any CPU.Build.0 = Release|Any CPU
		{C4A4826A-25A6-49E6-8830-F9515B24676F}.Release|x64.ActiveCfg = Release|Any CPU
		{C4A4826A-25A6-49E6-8830-F9515B24676F}.Release|x64.Build.0 = Release|Any CPU
		{C4A4826A-25A6-49E6-8830-F9515B24676F}.Release|x86.ActiveCfg = Release|Any CPU
		{C4A4826A-25A6-49E6-8830-F9515B24676F}.Release|x86.Build.0 = Release|Any CPU
		{E9658CED-8EF7-40EA-A0FA-CE2625683EC1}.Debug|Any CPU.ActiveCfg = Debug|Any CPU
		{E9658CED-8EF7-40EA-A0FA-CE2625683EC1}.Debug|Any CPU.Build.0 = Debug|Any CPU
		{E9658CED-8EF7-40EA-A0FA-CE2625683EC1}.Debug|x64.ActiveCfg = Debug|Any CPU
		{E9658CED-8EF7-40EA-A0FA-CE2625683EC1}.Debug|x64.Build.0 = Debug|Any CPU
		{E9658CED-8EF7-40EA-A0FA-CE2625683EC1}.Debug|x86.ActiveCfg = Debug|Any CPU
		{E9658CED-8EF7-40EA-A0FA-CE2625683EC1}.Debug|x86.Build.0 = Debug|Any CPU
		{E9658CED-8EF7-40EA-A0FA-CE2625683EC1}.Release|Any CPU.ActiveCfg = Release|Any CPU
		{E9658CED-8EF7-40EA-A0FA-CE2625683EC1}.Release|Any CPU.Build.0 = Release|Any CPU
		{E9658CED-8EF7-40EA-A0FA-CE2625683EC1}.Release|x64.ActiveCfg = Release|Any CPU
		{E9658CED-8EF7-40EA-A0FA-CE2625683EC1}.Release|x64.Build.0 = Release|Any CPU
		{E9658CED-8EF7-40EA-A0FA-CE2625683EC1}.Release|x86.ActiveCfg = Release|Any CPU
		{E9658CED-8EF7-40EA-A0FA-CE2625683EC1}.Release|x86.Build.0 = Release|Any CPU
		{09168ABE-3CE6-45CA-A194-D95D633CE832}.Debug|Any CPU.ActiveCfg = Debug|Any CPU
		{09168ABE-3CE6-45CA-A194-D95D633CE832}.Debug|Any CPU.Build.0 = Debug|Any CPU
		{09168ABE-3CE6-45CA-A194-D95D633CE832}.Debug|x64.ActiveCfg = Debug|Any CPU
		{09168ABE-3CE6-45CA-A194-D95D633CE832}.Debug|x64.Build.0 = Debug|Any CPU
		{09168ABE-3CE6-45CA-A194-D95D633CE832}.Debug|x86.ActiveCfg = Debug|Any CPU
		{09168ABE-3CE6-45CA-A194-D95D633CE832}.Debug|x86.Build.0 = Debug|Any CPU
		{09168ABE-3CE6-45CA-A194-D95D633CE832}.Release|Any CPU.ActiveCfg = Release|Any CPU
		{09168ABE-3CE6-45CA-A194-D95D633CE832}.Release|Any CPU.Build.0 = Release|Any CPU
		{09168ABE-3CE6-45CA-A194-D95D633CE832}.Release|x64.ActiveCfg = Release|Any CPU
		{09168ABE-3CE6-45CA-A194-D95D633CE832}.Release|x64.Build.0 = Release|Any CPU
		{09168ABE-3CE6-45CA-A194-D95D633CE832}.Release|x86.ActiveCfg = Release|Any CPU
		{09168ABE-3CE6-45CA-A194-D95D633CE832}.Release|x86.Build.0 = Release|Any CPU
		{A21DFE5A-8328-4037-981A-3A4E89CC6B96}.Debug|Any CPU.ActiveCfg = Debug|Any CPU
		{A21DFE5A-8328-4037-981A-3A4E89CC6B96}.Debug|Any CPU.Build.0 = Debug|Any CPU
		{A21DFE5A-8328-4037-981A-3A4E89CC6B96}.Debug|x64.ActiveCfg = Debug|Any CPU
		{A21DFE5A-8328-4037-981A-3A4E89CC6B96}.Debug|x64.Build.0 = Debug|Any CPU
		{A21DFE5A-8328-4037-981A-3A4E89CC6B96}.Debug|x86.ActiveCfg = Debug|Any CPU
		{A21DFE5A-8328-4037-981A-3A4E89CC6B96}.Debug|x86.Build.0 = Debug|Any CPU
		{A21DFE5A-8328-4037-981A-3A4E89CC6B96}.Release|Any CPU.ActiveCfg = Release|Any CPU
		{A21DFE5A-8328-4037-981A-3A4E89CC6B96}.Release|Any CPU.Build.0 = Release|Any CPU
		{A21DFE5A-8328-4037-981A-3A4E89CC6B96}.Release|x64.ActiveCfg = Release|Any CPU
		{A21DFE5A-8328-4037-981A-3A4E89CC6B96}.Release|x64.Build.0 = Release|Any CPU
		{A21DFE5A-8328-4037-981A-3A4E89CC6B96}.Release|x86.ActiveCfg = Release|Any CPU
		{A21DFE5A-8328-4037-981A-3A4E89CC6B96}.Release|x86.Build.0 = Release|Any CPU
		{3152A9A4-EC02-45B1-AC83-4C96CB67A41C}.Debug|Any CPU.ActiveCfg = Debug|Any CPU
		{3152A9A4-EC02-45B1-AC83-4C96CB67A41C}.Debug|Any CPU.Build.0 = Debug|Any CPU
		{3152A9A4-EC02-45B1-AC83-4C96CB67A41C}.Debug|x64.ActiveCfg = Debug|Any CPU
		{3152A9A4-EC02-45B1-AC83-4C96CB67A41C}.Debug|x64.Build.0 = Debug|Any CPU
		{3152A9A4-EC02-45B1-AC83-4C96CB67A41C}.Debug|x86.ActiveCfg = Debug|Any CPU
		{3152A9A4-EC02-45B1-AC83-4C96CB67A41C}.Debug|x86.Build.0 = Debug|Any CPU
		{3152A9A4-EC02-45B1-AC83-4C96CB67A41C}.Release|Any CPU.ActiveCfg = Release|Any CPU
		{3152A9A4-EC02-45B1-AC83-4C96CB67A41C}.Release|Any CPU.Build.0 = Release|Any CPU
		{3152A9A4-EC02-45B1-AC83-4C96CB67A41C}.Release|x64.ActiveCfg = Release|Any CPU
		{3152A9A4-EC02-45B1-AC83-4C96CB67A41C}.Release|x64.Build.0 = Release|Any CPU
		{3152A9A4-EC02-45B1-AC83-4C96CB67A41C}.Release|x86.ActiveCfg = Release|Any CPU
		{3152A9A4-EC02-45B1-AC83-4C96CB67A41C}.Release|x86.Build.0 = Release|Any CPU
		{758F7B64-46BD-4E16-BA89-AB500C5D9B28}.Debug|Any CPU.ActiveCfg = Debug|Any CPU
		{758F7B64-46BD-4E16-BA89-AB500C5D9B28}.Debug|Any CPU.Build.0 = Debug|Any CPU
		{758F7B64-46BD-4E16-BA89-AB500C5D9B28}.Debug|x64.ActiveCfg = Debug|Any CPU
		{758F7B64-46BD-4E16-BA89-AB500C5D9B28}.Debug|x64.Build.0 = Debug|Any CPU
		{758F7B64-46BD-4E16-BA89-AB500C5D9B28}.Debug|x86.ActiveCfg = Debug|Any CPU
		{758F7B64-46BD-4E16-BA89-AB500C5D9B28}.Debug|x86.Build.0 = Debug|Any CPU
		{758F7B64-46BD-4E16-BA89-AB500C5D9B28}.Release|Any CPU.ActiveCfg = Release|Any CPU
		{758F7B64-46BD-4E16-BA89-AB500C5D9B28}.Release|Any CPU.Build.0 = Release|Any CPU
		{758F7B64-46BD-4E16-BA89-AB500C5D9B28}.Release|x64.ActiveCfg = Release|Any CPU
		{758F7B64-46BD-4E16-BA89-AB500C5D9B28}.Release|x64.Build.0 = Release|Any CPU
		{758F7B64-46BD-4E16-BA89-AB500C5D9B28}.Release|x86.ActiveCfg = Release|Any CPU
		{758F7B64-46BD-4E16-BA89-AB500C5D9B28}.Release|x86.Build.0 = Release|Any CPU
	EndGlobalSection
	GlobalSection(SolutionProperties) = preSolution
		HideSolutionNode = FALSE
	EndGlobalSection
	GlobalSection(NestedProjects) = preSolution
		{EC447DCF-ABFA-6E24-52A5-D7FD48A5C558} = {827E0CD3-B72D-47B6-A68D-7590B98EB39B}
		{6FEA55CD-9038-3367-F52F-2FD77CF71706} = {EC447DCF-ABFA-6E24-52A5-D7FD48A5C558}
		{D97369BD-EAEF-4362-8F38-410FF8805B44} = {6FEA55CD-9038-3367-F52F-2FD77CF71706}
		{02D00A1C-9913-4263-88DB-23E04AE57344} = {6FEA55CD-9038-3367-F52F-2FD77CF71706}
		{86F21B99-1226-461B-9056-210A10F84AC1} = {6FEA55CD-9038-3367-F52F-2FD77CF71706}
		{D30A96D4-2B0E-4836-990B-97A873A008A5} = {6FEA55CD-9038-3367-F52F-2FD77CF71706}
		{C4A4826A-25A6-49E6-8830-F9515B24676F} = {827E0CD3-B72D-47B6-A68D-7590B98EB39B}
		{0EC62A1A-9858-3A60-8A0C-FC9AACFA2EC7} = {EC447DCF-ABFA-6E24-52A5-D7FD48A5C558}
		{E9658CED-8EF7-40EA-A0FA-CE2625683EC1} = {0EC62A1A-9858-3A60-8A0C-FC9AACFA2EC7}
		{09168ABE-3CE6-45CA-A194-D95D633CE832} = {0EC62A1A-9858-3A60-8A0C-FC9AACFA2EC7}
		{A21DFE5A-8328-4037-981A-3A4E89CC6B96} = {0EC62A1A-9858-3A60-8A0C-FC9AACFA2EC7}
		{3152A9A4-EC02-45B1-AC83-4C96CB67A41C} = {0EC62A1A-9858-3A60-8A0C-FC9AACFA2EC7}
		{758F7B64-46BD-4E16-BA89-AB500C5D9B28} = {827E0CD3-B72D-47B6-A68D-7590B98EB39B}
	EndGlobalSection
EndGlobal
